// !$*UTF8*$!
{
	archiveVersion = 1;
	classes = {
	};
	objectVersion = 55;
	objects = {

/* Begin PBXBuildFile section */
		312B698E289945B400F8125F /* UserDetailCollectionViewCell.swift in Sources */ = {isa = PBXBuildFile; fileRef = 312B698D289945B400F8125F /* UserDetailCollectionViewCell.swift */; };
		312B6990289945BE00F8125F /* UserDetailTableViewCell.swift in Sources */ = {isa = PBXBuildFile; fileRef = 312B698F289945BE00F8125F /* UserDetailTableViewCell.swift */; };
		3154FD1C289830D400A3BD3B /* ListPostPageCell.swift in Sources */ = {isa = PBXBuildFile; fileRef = 3154FD1A289830D400A3BD3B /* ListPostPageCell.swift */; };
		3154FD1D289830D500A3BD3B /* ListPostPageCell.xib in Resources */ = {isa = PBXBuildFile; fileRef = 3154FD1B289830D400A3BD3B /* ListPostPageCell.xib */; };
		3154FD212898333200A3BD3B /* KAPostsAPI.swift in Sources */ = {isa = PBXBuildFile; fileRef = 3154FD202898333200A3BD3B /* KAPostsAPI.swift */; };
		3154FD252898337F00A3BD3B /* KAPostsResponseModel.swift in Sources */ = {isa = PBXBuildFile; fileRef = 3154FD242898337F00A3BD3B /* KAPostsResponseModel.swift */; };
		3154FD2728983E6B00A3BD3B /* KAUsersAPI.swift in Sources */ = {isa = PBXBuildFile; fileRef = 3154FD2628983E6B00A3BD3B /* KAUsersAPI.swift */; };
		3154FD2928983E9B00A3BD3B /* KAUsersResponseModel.swift in Sources */ = {isa = PBXBuildFile; fileRef = 3154FD2828983E9B00A3BD3B /* KAUsersResponseModel.swift */; };
		3154FD2F289851CB00A3BD3B /* DetailPostPageViewController.swift in Sources */ = {isa = PBXBuildFile; fileRef = 3154FD2E289851CB00A3BD3B /* DetailPostPageViewController.swift */; };
		3154FD31289852F100A3BD3B /* DetailPostPageViewController.storyboard in Resources */ = {isa = PBXBuildFile; fileRef = 3154FD30289852F100A3BD3B /* DetailPostPageViewController.storyboard */; };
		3154FD3528985C0000A3BD3B /* DetailPostPageCell.swift in Sources */ = {isa = PBXBuildFile; fileRef = 3154FD3328985C0000A3BD3B /* DetailPostPageCell.swift */; };
		3154FD3628985C0000A3BD3B /* DetailPostPageCell.xib in Resources */ = {isa = PBXBuildFile; fileRef = 3154FD3428985C0000A3BD3B /* DetailPostPageCell.xib */; };
		3154FD3828985C8900A3BD3B /* KAPostCommentAPI.swift in Sources */ = {isa = PBXBuildFile; fileRef = 3154FD3728985C8900A3BD3B /* KAPostCommentAPI.swift */; };
		3154FD3A28985D3400A3BD3B /* KAPostCommentResponseModel.swift in Sources */ = {isa = PBXBuildFile; fileRef = 3154FD3928985D3400A3BD3B /* KAPostCommentResponseModel.swift */; };
		3154FD3D289867A600A3BD3B /* UserDetailPageViewController.swift in Sources */ = {isa = PBXBuildFile; fileRef = 3154FD3C289867A600A3BD3B /* UserDetailPageViewController.swift */; };
		3154FD3F289867B400A3BD3B /* UserDetailPageViewController.storyboard in Resources */ = {isa = PBXBuildFile; fileRef = 3154FD3E289867B400A3BD3B /* UserDetailPageViewController.storyboard */; };
		31ED18C3289829170036C569 /* AppDelegate.swift in Sources */ = {isa = PBXBuildFile; fileRef = 31ED18C2289829170036C569 /* AppDelegate.swift */; };
		31ED18C5289829170036C569 /* SceneDelegate.swift in Sources */ = {isa = PBXBuildFile; fileRef = 31ED18C4289829170036C569 /* SceneDelegate.swift */; };
		31ED18C7289829170036C569 /* ListPostPageTableViewController.swift in Sources */ = {isa = PBXBuildFile; fileRef = 31ED18C6289829170036C569 /* ListPostPageTableViewController.swift */; };
		31ED18CA289829170036C569 /* ListPostPageTableViewController.storyboard in Resources */ = {isa = PBXBuildFile; fileRef = 31ED18C8289829170036C569 /* ListPostPageTableViewController.storyboard */; };
		31ED18CC289829180036C569 /* Assets.xcassets in Resources */ = {isa = PBXBuildFile; fileRef = 31ED18CB289829180036C569 /* Assets.xcassets */; };
		31ED18CF289829180036C569 /* LaunchScreen.storyboard in Resources */ = {isa = PBXBuildFile; fileRef = 31ED18CD289829180036C569 /* LaunchScreen.storyboard */; };
		BF9ED17E4E02FFA45BDF15EA /* Pods_KumparanAcademyTest.framework in Frameworks */ = {isa = PBXBuildFile; fileRef = B0E33B74C1BB60EA39949540 /* Pods_KumparanAcademyTest.framework */; };
/* End PBXBuildFile section */

/* Begin PBXFileReference section */
		312B698D289945B400F8125F /* UserDetailCollectionViewCell.swift */ = {isa = PBXFileReference; lastKnownFileType = sourcecode.swift; path = UserDetailCollectionViewCell.swift; sourceTree = "<group>"; };
		312B698F289945BE00F8125F /* UserDetailTableViewCell.swift */ = {isa = PBXFileReference; lastKnownFileType = sourcecode.swift; path = UserDetailTableViewCell.swift; sourceTree = "<group>"; };
		3154FD1A289830D400A3BD3B /* ListPostPageCell.swift */ = {isa = PBXFileReference; lastKnownFileType = sourcecode.swift; path = ListPostPageCell.swift; sourceTree = "<group>"; };
		3154FD1B289830D400A3BD3B /* ListPostPageCell.xib */ = {isa = PBXFileReference; lastKnownFileType = file.xib; path = ListPostPageCell.xib; sourceTree = "<group>"; };
		3154FD202898333200A3BD3B /* KAPostsAPI.swift */ = {isa = PBXFileReference; lastKnownFileType = sourcecode.swift; path = KAPostsAPI.swift; sourceTree = "<group>"; };
		3154FD242898337F00A3BD3B /* KAPostsResponseModel.swift */ = {isa = PBXFileReference; lastKnownFileType = sourcecode.swift; path = KAPostsResponseModel.swift; sourceTree = "<group>"; };
		3154FD2628983E6B00A3BD3B /* KAUsersAPI.swift */ = {isa = PBXFileReference; lastKnownFileType = sourcecode.swift; path = KAUsersAPI.swift; sourceTree = "<group>"; };
		3154FD2828983E9B00A3BD3B /* KAUsersResponseModel.swift */ = {isa = PBXFileReference; lastKnownFileType = sourcecode.swift; path = KAUsersResponseModel.swift; sourceTree = "<group>"; };
		3154FD2E289851CB00A3BD3B /* DetailPostPageViewController.swift */ = {isa = PBXFileReference; lastKnownFileType = sourcecode.swift; path = DetailPostPageViewController.swift; sourceTree = "<group>"; };
		3154FD30289852F100A3BD3B /* DetailPostPageViewController.storyboard */ = {isa = PBXFileReference; lastKnownFileType = file.storyboard; path = DetailPostPageViewController.storyboard; sourceTree = "<group>"; };
		3154FD3328985C0000A3BD3B /* DetailPostPageCell.swift */ = {isa = PBXFileReference; lastKnownFileType = sourcecode.swift; path = DetailPostPageCell.swift; sourceTree = "<group>"; };
		3154FD3428985C0000A3BD3B /* DetailPostPageCell.xib */ = {isa = PBXFileReference; lastKnownFileType = file.xib; path = DetailPostPageCell.xib; sourceTree = "<group>"; };
		3154FD3728985C8900A3BD3B /* KAPostCommentAPI.swift */ = {isa = PBXFileReference; lastKnownFileType = sourcecode.swift; path = KAPostCommentAPI.swift; sourceTree = "<group>"; };
		3154FD3928985D3400A3BD3B /* KAPostCommentResponseModel.swift */ = {isa = PBXFileReference; lastKnownFileType = sourcecode.swift; path = KAPostCommentResponseModel.swift; sourceTree = "<group>"; };
		3154FD3C289867A600A3BD3B /* UserDetailPageViewController.swift */ = {isa = PBXFileReference; lastKnownFileType = sourcecode.swift; path = UserDetailPageViewController.swift; sourceTree = "<group>"; };
		3154FD3E289867B400A3BD3B /* UserDetailPageViewController.storyboard */ = {isa = PBXFileReference; lastKnownFileType = file.storyboard; path = UserDetailPageViewController.storyboard; sourceTree = "<group>"; };
		31ED18BF289829170036C569 /* KumparanAcademyTest.app */ = {isa = PBXFileReference; explicitFileType = wrapper.application; includeInIndex = 0; path = KumparanAcademyTest.app; sourceTree = BUILT_PRODUCTS_DIR; };
		31ED18C2289829170036C569 /* AppDelegate.swift */ = {isa = PBXFileReference; lastKnownFileType = sourcecode.swift; path = AppDelegate.swift; sourceTree = "<group>"; };
		31ED18C4289829170036C569 /* SceneDelegate.swift */ = {isa = PBXFileReference; lastKnownFileType = sourcecode.swift; path = SceneDelegate.swift; sourceTree = "<group>"; };
		31ED18C6289829170036C569 /* ListPostPageTableViewController.swift */ = {isa = PBXFileReference; lastKnownFileType = sourcecode.swift; path = ListPostPageTableViewController.swift; sourceTree = "<group>"; };
		31ED18C9289829170036C569 /* Base */ = {isa = PBXFileReference; lastKnownFileType = file.storyboard; name = Base; path = Base.lproj/ListPostPageTableViewController.storyboard; sourceTree = "<group>"; };
		31ED18CB289829180036C569 /* Assets.xcassets */ = {isa = PBXFileReference; lastKnownFileType = folder.assetcatalog; path = Assets.xcassets; sourceTree = "<group>"; };
		31ED18CE289829180036C569 /* Base */ = {isa = PBXFileReference; lastKnownFileType = file.storyboard; name = Base; path = Base.lproj/LaunchScreen.storyboard; sourceTree = "<group>"; };
		31ED18D0289829180036C569 /* Info.plist */ = {isa = PBXFileReference; lastKnownFileType = text.plist.xml; path = Info.plist; sourceTree = "<group>"; };
		3D282E8E53C825ABE8CC20F4 /* Pods-KumparanAcademyTest.release.xcconfig */ = {isa = PBXFileReference; includeInIndex = 1; lastKnownFileType = text.xcconfig; name = "Pods-KumparanAcademyTest.release.xcconfig"; path = "Target Support Files/Pods-KumparanAcademyTest/Pods-KumparanAcademyTest.release.xcconfig"; sourceTree = "<group>"; };
		B0E33B74C1BB60EA39949540 /* Pods_KumparanAcademyTest.framework */ = {isa = PBXFileReference; explicitFileType = wrapper.framework; includeInIndex = 0; path = Pods_KumparanAcademyTest.framework; sourceTree = BUILT_PRODUCTS_DIR; };
		EF6147CE0D01C1627315F03A /* Pods-KumparanAcademyTest.debug.xcconfig */ = {isa = PBXFileReference; includeInIndex = 1; lastKnownFileType = text.xcconfig; name = "Pods-KumparanAcademyTest.debug.xcconfig"; path = "Target Support Files/Pods-KumparanAcademyTest/Pods-KumparanAcademyTest.debug.xcconfig"; sourceTree = "<group>"; };
/* End PBXFileReference section */

/* Begin PBXFrameworksBuildPhase section */
		31ED18BC289829170036C569 /* Frameworks */ = {
			isa = PBXFrameworksBuildPhase;
			buildActionMask = 2147483647;
			files = (
				BF9ED17E4E02FFA45BDF15EA /* Pods_KumparanAcademyTest.framework in Frameworks */,
			);
			runOnlyForDeploymentPostprocessing = 0;
		};
/* End PBXFrameworksBuildPhase section */

/* Begin PBXGroup section */
		312B698C2899459E00F8125F /* Cell */ = {
			isa = PBXGroup;
			children = (
				312B698D289945B400F8125F /* UserDetailCollectionViewCell.swift */,
				312B698F289945BE00F8125F /* UserDetailTableViewCell.swift */,
			);
			path = Cell;
			sourceTree = "<group>";
		};
		3154FD1328982B5700A3BD3B /* Resources */ = {
			isa = PBXGroup;
			children = (
				31ED18CB289829180036C569 /* Assets.xcassets */,
				31ED18D0289829180036C569 /* Info.plist */,
			);
			path = Resources;
			sourceTree = "<group>";
		};
		3154FD1428982B8B00A3BD3B /* App */ = {
			isa = PBXGroup;
			children = (
				31ED18C2289829170036C569 /* AppDelegate.swift */,
				31ED18C4289829170036C569 /* SceneDelegate.swift */,
			);
			path = App;
			sourceTree = "<group>";
		};
		3154FD1528982BBD00A3BD3B /* PresentationLayer */ = {
			isa = PBXGroup;
			children = (
				3154FD3B2898678400A3BD3B /* UserDetailPage */,
				3154FD2D289851BF00A3BD3B /* DetailPostPage */,
				3154FD1828982DA000A3BD3B /* ListPostPage */,
				3154FD1728982BD200A3BD3B /* LaunchScreen */,
			);
			path = PresentationLayer;
			sourceTree = "<group>";
		};
		3154FD1628982BC300A3BD3B /* DataLayer */ = {
			isa = PBXGroup;
			children = (
				3154FD1E2898330500A3BD3B /* API */,
				3154FD222898333800A3BD3B /* Model */,
			);
			path = DataLayer;
			sourceTree = "<group>";
		};
		3154FD1728982BD200A3BD3B /* LaunchScreen */ = {
			isa = PBXGroup;
			children = (
				31ED18CD289829180036C569 /* LaunchScreen.storyboard */,
			);
			path = LaunchScreen;
			sourceTree = "<group>";
		};
		3154FD1828982DA000A3BD3B /* ListPostPage */ = {
			isa = PBXGroup;
			children = (
				3154FD19289830B700A3BD3B /* Cell */,
				31ED18C8289829170036C569 /* ListPostPageTableViewController.storyboard */,
				31ED18C6289829170036C569 /* ListPostPageTableViewController.swift */,
			);
			path = ListPostPage;
			sourceTree = "<group>";
		};
		3154FD19289830B700A3BD3B /* Cell */ = {
			isa = PBXGroup;
			children = (
				3154FD1A289830D400A3BD3B /* ListPostPageCell.swift */,
				3154FD1B289830D400A3BD3B /* ListPostPageCell.xib */,
			);
			path = Cell;
			sourceTree = "<group>";
		};
		3154FD1E2898330500A3BD3B /* API */ = {
			isa = PBXGroup;
			children = (
				3154FD202898333200A3BD3B /* KAPostsAPI.swift */,
				3154FD2628983E6B00A3BD3B /* KAUsersAPI.swift */,
				3154FD3728985C8900A3BD3B /* KAPostCommentAPI.swift */,
			);
			path = API;
			sourceTree = "<group>";
		};
		3154FD222898333800A3BD3B /* Model */ = {
			isa = PBXGroup;
			children = (
				3154FD242898337F00A3BD3B /* KAPostsResponseModel.swift */,
				3154FD2828983E9B00A3BD3B /* KAUsersResponseModel.swift */,
				3154FD3928985D3400A3BD3B /* KAPostCommentResponseModel.swift */,
			);
			path = Model;
			sourceTree = "<group>";
		};
		3154FD2A28984BA500A3BD3B /* Utility */ = {
			isa = PBXGroup;
			children = (
			);
			path = Utility;
			sourceTree = "<group>";
		};
		3154FD2D289851BF00A3BD3B /* DetailPostPage */ = {
			isa = PBXGroup;
			children = (
				3154FD3228985BEA00A3BD3B /* Cell */,
				3154FD2E289851CB00A3BD3B /* DetailPostPageViewController.swift */,
				3154FD30289852F100A3BD3B /* DetailPostPageViewController.storyboard */,
			);
			path = DetailPostPage;
			sourceTree = "<group>";
		};
		3154FD3228985BEA00A3BD3B /* Cell */ = {
			isa = PBXGroup;
			children = (
				3154FD3328985C0000A3BD3B /* DetailPostPageCell.swift */,
				3154FD3428985C0000A3BD3B /* DetailPostPageCell.xib */,
			);
			path = Cell;
			sourceTree = "<group>";
		};
		3154FD3B2898678400A3BD3B /* UserDetailPage */ = {
			isa = PBXGroup;
			children = (
				312B698C2899459E00F8125F /* Cell */,
				3154FD3C289867A600A3BD3B /* UserDetailPageViewController.swift */,
				3154FD3E289867B400A3BD3B /* UserDetailPageViewController.storyboard */,
			);
			path = UserDetailPage;
			sourceTree = "<group>";
		};
		31ED18B6289829160036C569 = {
			isa = PBXGroup;
			children = (
				31ED18C1289829170036C569 /* KumparanAcademyTest */,
				31ED18C0289829170036C569 /* Products */,
				E381CE77F543E8FCADEE398A /* Pods */,
				A08B2CDFFAD720269FEF8BEF /* Frameworks */,
			);
			sourceTree = "<group>";
		};
		31ED18C0289829170036C569 /* Products */ = {
			isa = PBXGroup;
			children = (
				31ED18BF289829170036C569 /* KumparanAcademyTest.app */,
			);
			name = Products;
			sourceTree = "<group>";
		};
		31ED18C1289829170036C569 /* KumparanAcademyTest */ = {
			isa = PBXGroup;
			children = (
				3154FD1428982B8B00A3BD3B /* App */,
				3154FD1628982BC300A3BD3B /* DataLayer */,
				3154FD1528982BBD00A3BD3B /* PresentationLayer */,
				3154FD1328982B5700A3BD3B /* Resources */,
				3154FD2A28984BA500A3BD3B /* Utility */,
			);
			path = KumparanAcademyTest;
			sourceTree = "<group>";
		};
		A08B2CDFFAD720269FEF8BEF /* Frameworks */ = {
			isa = PBXGroup;
			children = (
				B0E33B74C1BB60EA39949540 /* Pods_KumparanAcademyTest.framework */,
			);
			name = Frameworks;
			sourceTree = "<group>";
		};
		E381CE77F543E8FCADEE398A /* Pods */ = {
			isa = PBXGroup;
			children = (
				EF6147CE0D01C1627315F03A /* Pods-KumparanAcademyTest.debug.xcconfig */,
				3D282E8E53C825ABE8CC20F4 /* Pods-KumparanAcademyTest.release.xcconfig */,
			);
			path = Pods;
			sourceTree = "<group>";
		};
/* End PBXGroup section */

/* Begin PBXNativeTarget section */
		31ED18BE289829170036C569 /* KumparanAcademyTest */ = {
			isa = PBXNativeTarget;
			buildConfigurationList = 31ED18D3289829180036C569 /* Build configuration list for PBXNativeTarget "KumparanAcademyTest" */;
			buildPhases = (
				FD96105878C71F9E810251FF /* [CP] Check Pods Manifest.lock */,
				31ED18BB289829170036C569 /* Sources */,
				31ED18BC289829170036C569 /* Frameworks */,
				31ED18BD289829170036C569 /* Resources */,
				B50DB38DC40266FB1932DCCD /* [CP] Embed Pods Frameworks */,
			);
			buildRules = (
			);
			dependencies = (
			);
			name = KumparanAcademyTest;
			productName = KumparanAcademyTest;
			productReference = 31ED18BF289829170036C569 /* KumparanAcademyTest.app */;
			productType = "com.apple.product-type.application";
		};
/* End PBXNativeTarget section */

/* Begin PBXProject section */
		31ED18B7289829160036C569 /* Project object */ = {
			isa = PBXProject;
			attributes = {
				BuildIndependentTargetsInParallel = 1;
				LastSwiftUpdateCheck = 1340;
				LastUpgradeCheck = 1340;
				TargetAttributes = {
					31ED18BE289829170036C569 = {
						CreatedOnToolsVersion = 13.4.1;
					};
				};
			};
			buildConfigurationList = 31ED18BA289829160036C569 /* Build configuration list for PBXProject "KumparanAcademyTest" */;
			compatibilityVersion = "Xcode 13.0";
			developmentRegion = en;
			hasScannedForEncodings = 0;
			knownRegions = (
				en,
				Base,
			);
			mainGroup = 31ED18B6289829160036C569;
			productRefGroup = 31ED18C0289829170036C569 /* Products */;
			projectDirPath = "";
			projectRoot = "";
			targets = (
				31ED18BE289829170036C569 /* KumparanAcademyTest */,
			);
		};
/* End PBXProject section */

/* Begin PBXResourcesBuildPhase section */
		31ED18BD289829170036C569 /* Resources */ = {
			isa = PBXResourcesBuildPhase;
			buildActionMask = 2147483647;
			files = (
				3154FD3F289867B400A3BD3B /* UserDetailPageViewController.storyboard in Resources */,
				3154FD1D289830D500A3BD3B /* ListPostPageCell.xib in Resources */,
				31ED18CF289829180036C569 /* LaunchScreen.storyboard in Resources */,
				3154FD31289852F100A3BD3B /* DetailPostPageViewController.storyboard in Resources */,
				31ED18CC289829180036C569 /* Assets.xcassets in Resources */,
				31ED18CA289829170036C569 /* ListPostPageTableViewController.storyboard in Resources */,
				3154FD3628985C0000A3BD3B /* DetailPostPageCell.xib in Resources */,
			);
			runOnlyForDeploymentPostprocessing = 0;
		};
/* End PBXResourcesBuildPhase section */

/* Begin PBXShellScriptBuildPhase section */
		B50DB38DC40266FB1932DCCD /* [CP] Embed Pods Frameworks */ = {
			isa = PBXShellScriptBuildPhase;
			buildActionMask = 2147483647;
			files = (
			);
			inputFileListPaths = (
				"${PODS_ROOT}/Target Support Files/Pods-KumparanAcademyTest/Pods-KumparanAcademyTest-frameworks-${CONFIGURATION}-input-files.xcfilelist",
			);
			name = "[CP] Embed Pods Frameworks";
			outputFileListPaths = (
				"${PODS_ROOT}/Target Support Files/Pods-KumparanAcademyTest/Pods-KumparanAcademyTest-frameworks-${CONFIGURATION}-output-files.xcfilelist",
			);
			runOnlyForDeploymentPostprocessing = 0;
			shellPath = /bin/sh;
			shellScript = "\"${PODS_ROOT}/Target Support Files/Pods-KumparanAcademyTest/Pods-KumparanAcademyTest-frameworks.sh\"\n";
			showEnvVarsInLog = 0;
		};
		FD96105878C71F9E810251FF /* [CP] Check Pods Manifest.lock */ = {
			isa = PBXShellScriptBuildPhase;
			buildActionMask = 2147483647;
			files = (
			);
			inputFileListPaths = (
			);
			inputPaths = (
				"${PODS_PODFILE_DIR_PATH}/Podfile.lock",
				"${PODS_ROOT}/Manifest.lock",
			);
			name = "[CP] Check Pods Manifest.lock";
			outputFileListPaths = (
			);
			outputPaths = (
				"$(DERIVED_FILE_DIR)/Pods-KumparanAcademyTest-checkManifestLockResult.txt",
			);
			runOnlyForDeploymentPostprocessing = 0;
			shellPath = /bin/sh;
			shellScript = "diff \"${PODS_PODFILE_DIR_PATH}/Podfile.lock\" \"${PODS_ROOT}/Manifest.lock\" > /dev/null\nif [ $? != 0 ] ; then\n    # print error to STDERR\n    echo \"error: The sandbox is not in sync with the Podfile.lock. Run 'pod install' or update your CocoaPods installation.\" >&2\n    exit 1\nfi\n# This output is used by Xcode 'outputs' to avoid re-running this script phase.\necho \"SUCCESS\" > \"${SCRIPT_OUTPUT_FILE_0}\"\n";
			showEnvVarsInLog = 0;
		};
/* End PBXShellScriptBuildPhase section */

/* Begin PBXSourcesBuildPhase section */
		31ED18BB289829170036C569 /* Sources */ = {
			isa = PBXSourcesBuildPhase;
			buildActionMask = 2147483647;
			files = (
				3154FD1C289830D400A3BD3B /* ListPostPageCell.swift in Sources */,
				3154FD3528985C0000A3BD3B /* DetailPostPageCell.swift in Sources */,
				3154FD212898333200A3BD3B /* KAPostsAPI.swift in Sources */,
				3154FD3828985C8900A3BD3B /* KAPostCommentAPI.swift in Sources */,
				312B698E289945B400F8125F /* UserDetailCollectionViewCell.swift in Sources */,
				3154FD252898337F00A3BD3B /* KAPostsResponseModel.swift in Sources */,
				3154FD2F289851CB00A3BD3B /* DetailPostPageViewController.swift in Sources */,
				3154FD2928983E9B00A3BD3B /* KAUsersResponseModel.swift in Sources */,
				31ED18C7289829170036C569 /* ListPostPageTableViewController.swift in Sources */,
				3154FD3A28985D3400A3BD3B /* KAPostCommentResponseModel.swift in Sources */,
				312B6990289945BE00F8125F /* UserDetailTableViewCell.swift in Sources */,
				31ED18C3289829170036C569 /* AppDelegate.swift in Sources */,
				3154FD3D289867A600A3BD3B /* UserDetailPageViewController.swift in Sources */,
				3154FD2728983E6B00A3BD3B /* KAUsersAPI.swift in Sources */,
				31ED18C5289829170036C569 /* SceneDelegate.swift in Sources */,
			);
			runOnlyForDeploymentPostprocessing = 0;
		};
/* End PBXSourcesBuildPhase section */

/* Begin PBXVariantGroup section */
		31ED18C8289829170036C569 /* ListPostPageTableViewController.storyboard */ = {
			isa = PBXVariantGroup;
			children = (
				31ED18C9289829170036C569 /* Base */,
			);
			name = ListPostPageTableViewController.storyboard;
			sourceTree = "<group>";
		};
		31ED18CD289829180036C569 /* LaunchScreen.storyboard */ = {
			isa = PBXVariantGroup;
			children = (
				31ED18CE289829180036C569 /* Base */,
			);
			name = LaunchScreen.storyboard;
			sourceTree = "<group>";
		};
/* End PBXVariantGroup section */

/* Begin XCBuildConfiguration section */
		31ED18D1289829180036C569 /* Debug */ = {
			isa = XCBuildConfiguration;
			buildSettings = {
				ALWAYS_SEARCH_USER_PATHS = NO;
				CLANG_ANALYZER_NONNULL = YES;
				CLANG_ANALYZER_NUMBER_OBJECT_CONVERSION = YES_AGGRESSIVE;
				CLANG_CXX_LANGUAGE_STANDARD = "gnu++17";
				CLANG_ENABLE_MODULES = YES;
				CLANG_ENABLE_OBJC_ARC = YES;
				CLANG_ENABLE_OBJC_WEAK = YES;
				CLANG_WARN_BLOCK_CAPTURE_AUTORELEASING = YES;
				CLANG_WARN_BOOL_CONVERSION = YES;
				CLANG_WARN_COMMA = YES;
				CLANG_WARN_CONSTANT_CONVERSION = YES;
				CLANG_WARN_DEPRECATED_OBJC_IMPLEMENTATIONS = YES;
				CLANG_WARN_DIRECT_OBJC_ISA_USAGE = YES_ERROR;
				CLANG_WARN_DOCUMENTATION_COMMENTS = YES;
				CLANG_WARN_EMPTY_BODY = YES;
				CLANG_WARN_ENUM_CONVERSION = YES;
				CLANG_WARN_INFINITE_RECURSION = YES;
				CLANG_WARN_INT_CONVERSION = YES;
				CLANG_WARN_NON_LITERAL_NULL_CONVERSION = YES;
				CLANG_WARN_OBJC_IMPLICIT_RETAIN_SELF = YES;
				CLANG_WARN_OBJC_LITERAL_CONVERSION = YES;
				CLANG_WARN_OBJC_ROOT_CLASS = YES_ERROR;
				CLANG_WARN_QUOTED_INCLUDE_IN_FRAMEWORK_HEADER = YES;
				CLANG_WARN_RANGE_LOOP_ANALYSIS = YES;
				CLANG_WARN_STRICT_PROTOTYPES = YES;
				CLANG_WARN_SUSPICIOUS_MOVE = YES;
				CLANG_WARN_UNGUARDED_AVAILABILITY = YES_AGGRESSIVE;
				CLANG_WARN_UNREACHABLE_CODE = YES;
				CLANG_WARN__DUPLICATE_METHOD_MATCH = YES;
				COPY_PHASE_STRIP = NO;
				DEBUG_INFORMATION_FORMAT = dwarf;
				ENABLE_STRICT_OBJC_MSGSEND = YES;
				ENABLE_TESTABILITY = YES;
				GCC_C_LANGUAGE_STANDARD = gnu11;
				GCC_DYNAMIC_NO_PIC = NO;
				GCC_NO_COMMON_BLOCKS = YES;
				GCC_OPTIMIZATION_LEVEL = 0;
				GCC_PREPROCESSOR_DEFINITIONS = (
					"DEBUG=1",
					"$(inherited)",
				);
				GCC_WARN_64_TO_32_BIT_CONVERSION = YES;
				GCC_WARN_ABOUT_RETURN_TYPE = YES_ERROR;
				GCC_WARN_UNDECLARED_SELECTOR = YES;
				GCC_WARN_UNINITIALIZED_AUTOS = YES_AGGRESSIVE;
				GCC_WARN_UNUSED_FUNCTION = YES;
				GCC_WARN_UNUSED_VARIABLE = YES;
				IPHONEOS_DEPLOYMENT_TARGET = 15.5;
				MTL_ENABLE_DEBUG_INFO = INCLUDE_SOURCE;
				MTL_FAST_MATH = YES;
				ONLY_ACTIVE_ARCH = YES;
				SDKROOT = iphoneos;
				SWIFT_ACTIVE_COMPILATION_CONDITIONS = DEBUG;
				SWIFT_OPTIMIZATION_LEVEL = "-Onone";
			};
			name = Debug;
		};
		31ED18D2289829180036C569 /* Release */ = {
			isa = XCBuildConfiguration;
			buildSettings = {
				ALWAYS_SEARCH_USER_PATHS = NO;
				CLANG_ANALYZER_NONNULL = YES;
				CLANG_ANALYZER_NUMBER_OBJECT_CONVERSION = YES_AGGRESSIVE;
				CLANG_CXX_LANGUAGE_STANDARD = "gnu++17";
				CLANG_ENABLE_MODULES = YES;
				CLANG_ENABLE_OBJC_ARC = YES;
				CLANG_ENABLE_OBJC_WEAK = YES;
				CLANG_WARN_BLOCK_CAPTURE_AUTORELEASING = YES;
				CLANG_WARN_BOOL_CONVERSION = YES;
				CLANG_WARN_COMMA = YES;
				CLANG_WARN_CONSTANT_CONVERSION = YES;
				CLANG_WARN_DEPRECATED_OBJC_IMPLEMENTATIONS = YES;
				CLANG_WARN_DIRECT_OBJC_ISA_USAGE = YES_ERROR;
				CLANG_WARN_DOCUMENTATION_COMMENTS = YES;
				CLANG_WARN_EMPTY_BODY = YES;
				CLANG_WARN_ENUM_CONVERSION = YES;
				CLANG_WARN_INFINITE_RECURSION = YES;
				CLANG_WARN_INT_CONVERSION = YES;
				CLANG_WARN_NON_LITERAL_NULL_CONVERSION = YES;
				CLANG_WARN_OBJC_IMPLICIT_RETAIN_SELF = YES;
				CLANG_WARN_OBJC_LITERAL_CONVERSION = YES;
				CLANG_WARN_OBJC_ROOT_CLASS = YES_ERROR;
				CLANG_WARN_QUOTED_INCLUDE_IN_FRAMEWORK_HEADER = YES;
				CLANG_WARN_RANGE_LOOP_ANALYSIS = YES;
				CLANG_WARN_STRICT_PROTOTYPES = YES;
				CLANG_WARN_SUSPICIOUS_MOVE = YES;
				CLANG_WARN_UNGUARDED_AVAILABILITY = YES_AGGRESSIVE;
				CLANG_WARN_UNREACHABLE_CODE = YES;
				CLANG_WARN__DUPLICATE_METHOD_MATCH = YES;
				COPY_PHASE_STRIP = NO;
				DEBUG_INFORMATION_FORMAT = "dwarf-with-dsym";
				ENABLE_NS_ASSERTIONS = NO;
				ENABLE_STRICT_OBJC_MSGSEND = YES;
				GCC_C_LANGUAGE_STANDARD = gnu11;
				GCC_NO_COMMON_BLOCKS = YES;
				GCC_WARN_64_TO_32_BIT_CONVERSION = YES;
				GCC_WARN_ABOUT_RETURN_TYPE = YES_ERROR;
				GCC_WARN_UNDECLARED_SELECTOR = YES;
				GCC_WARN_UNINITIALIZED_AUTOS = YES_AGGRESSIVE;
				GCC_WARN_UNUSED_FUNCTION = YES;
				GCC_WARN_UNUSED_VARIABLE = YES;
				IPHONEOS_DEPLOYMENT_TARGET = 15.5;
				MTL_ENABLE_DEBUG_INFO = NO;
				MTL_FAST_MATH = YES;
				SDKROOT = iphoneos;
				SWIFT_COMPILATION_MODE = wholemodule;
				SWIFT_OPTIMIZATION_LEVEL = "-O";
				VALIDATE_PRODUCT = YES;
			};
			name = Release;
		};
		31ED18D4289829180036C569 /* Debug */ = {
			isa = XCBuildConfiguration;
			baseConfigurationReference = EF6147CE0D01C1627315F03A /* Pods-KumparanAcademyTest.debug.xcconfig */;
			buildSettings = {
				ASSETCATALOG_COMPILER_APPICON_NAME = AppIcon;
				ASSETCATALOG_COMPILER_GLOBAL_ACCENT_COLOR_NAME = AccentColor;
				CODE_SIGN_STYLE = Automatic;
				CURRENT_PROJECT_VERSION = 1;
				DEVELOPMENT_TEAM = UT5GP7P326;
				GENERATE_INFOPLIST_FILE = YES;
				INFOPLIST_FILE = KumparanAcademyTest/Resources/Info.plist;
				INFOPLIST_KEY_UIApplicationSupportsIndirectInputEvents = YES;
				INFOPLIST_KEY_UILaunchStoryboardName = LaunchScreen;
				INFOPLIST_KEY_UIMainStoryboardFile = ListPostPageTableViewController;
				INFOPLIST_KEY_UISupportedInterfaceOrientations_iPad = "UIInterfaceOrientationPortrait UIInterfaceOrientationPortraitUpsideDown UIInterfaceOrientationLandscapeLeft UIInterfaceOrientationLandscapeRight";
				INFOPLIST_KEY_UISupportedInterfaceOrientations_iPhone = "UIInterfaceOrientationPortrait UIInterfaceOrientationLandscapeLeft UIInterfaceOrientationLandscapeRight";
				LD_RUNPATH_SEARCH_PATHS = (
					"$(inherited)",
					"@executable_path/Frameworks",
				);
				MARKETING_VERSION = 1.0;
				PRODUCT_BUNDLE_IDENTIFIER = com.ulfras.KumparanAcademyTest;
				PRODUCT_NAME = "$(TARGET_NAME)";
				SWIFT_EMIT_LOC_STRINGS = YES;
				SWIFT_VERSION = 5.0;
				TARGETED_DEVICE_FAMILY = "1,2";
			};
			name = Debug;
		};
		31ED18D5289829180036C569 /* Release */ = {
			isa = XCBuildConfiguration;
			baseConfigurationReference = 3D282E8E53C825ABE8CC20F4 /* Pods-KumparanAcademyTest.release.xcconfig */;
			buildSettings = {
				ASSETCATALOG_COMPILER_APPICON_NAME = AppIcon;
				ASSETCATALOG_COMPILER_GLOBAL_ACCENT_COLOR_NAME = AccentColor;
				CODE_SIGN_STYLE = Automatic;
				CURRENT_PROJECT_VERSION = 1;
				DEVELOPMENT_TEAM = UT5GP7P326;
				GENERATE_INFOPLIST_FILE = YES;
				INFOPLIST_FILE = KumparanAcademyTest/Resources/Info.plist;
				INFOPLIST_KEY_UIApplicationSupportsIndirectInputEvents = YES;
				INFOPLIST_KEY_UILaunchStoryboardName = LaunchScreen;
				INFOPLIST_KEY_UIMainStoryboardFile = ListPostPageTableViewController;
				INFOPLIST_KEY_UISupportedInterfaceOrientations_iPad = "UIInterfaceOrientationPortrait UIInterfaceOrientationPortraitUpsideDown UIInterfaceOrientationLandscapeLeft UIInterfaceOrientationLandscapeRight";
				INFOPLIST_KEY_UISupportedInterfaceOrientations_iPhone = "UIInterfaceOrientationPortrait UIInterfaceOrientationLandscapeLeft UIInterfaceOrientationLandscapeRight";
				LD_RUNPATH_SEARCH_PATHS = (
					"$(inherited)",
					"@executable_path/Frameworks",
				);
				MARKETING_VERSION = 1.0;
				PRODUCT_BUNDLE_IDENTIFIER = com.ulfras.KumparanAcademyTest;
				PRODUCT_NAME = "$(TARGET_NAME)";
				SWIFT_EMIT_LOC_STRINGS = YES;
				SWIFT_VERSION = 5.0;
				TARGETED_DEVICE_FAMILY = "1,2";
			};
			name = Release;
		};
/* End XCBuildConfiguration section */

/* Begin XCConfigurationList section */
		31ED18BA289829160036C569 /* Build configuration list for PBXProject "KumparanAcademyTest" */ = {
			isa = XCConfigurationList;
			buildConfigurations = (
				31ED18D1289829180036C569 /* Debug */,
				31ED18D2289829180036C569 /* Release */,
			);
			defaultConfigurationIsVisible = 0;
			defaultConfigurationName = Release;
		};
		31ED18D3289829180036C569 /* Build configuration list for PBXNativeTarget "KumparanAcademyTest" */ = {
			isa = XCConfigurationList;
			buildConfigurations = (
				31ED18D4289829180036C569 /* Debug */,
				31ED18D5289829180036C569 /* Release */,
			);
			defaultConfigurationIsVisible = 0;
			defaultConfigurationName = Release;
		};
/* End XCConfigurationList section */
	};
	rootObject = 31ED18B7289829160036C569 /* Project object */;
}
